// !$*UTF8*$!
{
	archiveVersion = 1;
	classes = {
	};
	objectVersion = 77;
	objects = {

/* Begin PBXBuildFile section */
		01174A462F13CB550016843B /* UserTabView.swift in Sources */ = {isa = PBXBuildFile; fileRef = 01174A452F13CB550016843B /* UserTabView.swift */; };
		011F44722F12D7CF0055D0AE /* AuthStatus.swift in Sources */ = {isa = PBXBuildFile; fileRef = 011F44712F12D7CA0055D0AE /* AuthStatus.swift */; };
		011F44752F12E04D0055D0AE /* Constants.swift in Sources */ = {isa = PBXBuildFile; fileRef = 011F44742F12E04D0055D0AE /* Constants.swift */; };
		011F44772F12E0DE0055D0AE /* LoginDTO.swift in Sources */ = {isa = PBXBuildFile; fileRef = 011F44762F12E0DB0055D0AE /* LoginDTO.swift */; };
		011F447A2F13BEE90055D0AE /* UserLoginView.swift in Sources */ = {isa = PBXBuildFile; fileRef = 011F44792F13BEDF0055D0AE /* UserLoginView.swift */; };
		011F447C2F13BEF30055D0AE /* UserView.swift in Sources */ = {isa = PBXBuildFile; fileRef = 011F447B2F13BEEC0055D0AE /* UserView.swift */; };
		011F447E2F13BF070055D0AE /* UserAccountView.swift in Sources */ = {isa = PBXBuildFile; fileRef = 011F447D2F13BEF60055D0AE /* UserAccountView.swift */; };
		011F44812F13C8E30055D0AE /* UserLoginVM.swift in Sources */ = {isa = PBXBuildFile; fileRef = 011F44802F13C8D80055D0AE /* UserLoginVM.swift */; };
		011F44832F13C9130055D0AE /* UserVM.swift in Sources */ = {isa = PBXBuildFile; fileRef = 011F44822F13C90B0055D0AE /* UserVM.swift */; };
		015A04622F03FB66007AA3F7 /* MainTabView.swift in Sources */ = {isa = PBXBuildFile; fileRef = 015A04612F03FB66007AA3F7 /* MainTabView.swift */; };
		015A04642F03FB78007AA3F7 /* HomeTabView.swift in Sources */ = {isa = PBXBuildFile; fileRef = 015A04632F03FB78007AA3F7 /* HomeTabView.swift */; };
		015A04662F03FB7E007AA3F7 /* ScrollTabView.swift in Sources */ = {isa = PBXBuildFile; fileRef = 015A04652F03FB7E007AA3F7 /* ScrollTabView.swift */; };
		015A046A2F03FBB5007AA3F7 /* SearchTabView.swift in Sources */ = {isa = PBXBuildFile; fileRef = 015A04692F03FBB5007AA3F7 /* SearchTabView.swift */; };
		015A046C2F03FBE8007AA3F7 /* HomeTabVM.swift in Sources */ = {isa = PBXBuildFile; fileRef = 015A046B2F03FBE8007AA3F7 /* HomeTabVM.swift */; };
		015A046E2F03FBF7007AA3F7 /* ScrollTabVM.swift in Sources */ = {isa = PBXBuildFile; fileRef = 015A046D2F03FBF7007AA3F7 /* ScrollTabVM.swift */; };
		015A04722F03FC0B007AA3F7 /* SearchTabVM.swift in Sources */ = {isa = PBXBuildFile; fileRef = 015A04712F03FC0B007AA3F7 /* SearchTabVM.swift */; };
		015A04782F03FCBD007AA3F7 /* APIClient.swift in Sources */ = {isa = PBXBuildFile; fileRef = 015A04772F03FCBD007AA3F7 /* APIClient.swift */; };
		015A047A2F03FCCF007AA3F7 /* APIManager.swift in Sources */ = {isa = PBXBuildFile; fileRef = 015A04792F03FCCF007AA3F7 /* APIManager.swift */; };
		015A047D2F03FE20007AA3F7 /* CommonsLib in Frameworks */ = {isa = PBXBuildFile; productRef = 015A047C2F03FE20007AA3F7 /* CommonsLib */; };
		015A04872F040248007AA3F7 /* Localizable.xcstrings in Resources */ = {isa = PBXBuildFile; fileRef = 015A04862F040248007AA3F7 /* Localizable.xcstrings */; };
		015A048A2F040554007AA3F7 /* GlobalBackground.swift in Sources */ = {isa = PBXBuildFile; fileRef = 015A04892F040554007AA3F7 /* GlobalBackground.swift */; };
		0184180A2F02D01F0064494B /* Assets.xcassets in Resources */ = {isa = PBXBuildFile; fileRef = 018418052F02D01F0064494B /* Assets.xcassets */; };
		0184180B2F02D01F0064494B /* PixuIconApp.icon in Resources */ = {isa = PBXBuildFile; fileRef = 018418082F02D01F0064494B /* PixuIconApp.icon */; };
		0184180C2F02D01F0064494B /* PixuApp.swift in Sources */ = {isa = PBXBuildFile; fileRef = 018418072F02D01F0064494B /* PixuApp.swift */; };
		01AEBE7D2F1004720041E55C /* UsersEndpopint.swift in Sources */ = {isa = PBXBuildFile; fileRef = 01AEBE7C2F1004720041E55C /* UsersEndpopint.swift */; };
		01AEBE822F1007270041E55C /* CreateUserInputDTO.swift in Sources */ = {isa = PBXBuildFile; fileRef = 01AEBE812F10071B0041E55C /* CreateUserInputDTO.swift */; };
		01AEBE852F11287D0041E55C /* ButtonsStyles.swift in Sources */ = {isa = PBXBuildFile; fileRef = 01AEBE842F11287D0041E55C /* ButtonsStyles.swift */; };
		01AEBE872F126B380041E55C /* TextFieldsStyles.swift in Sources */ = {isa = PBXBuildFile; fileRef = 01AEBE862F126B380041E55C /* TextFieldsStyles.swift */; };
		01EBC0972F1551DB00BF31FF /* Manga.swift in Sources */ = {isa = PBXBuildFile; fileRef = 01EBC0962F1551D500BF31FF /* Manga.swift */; };
		01EBC0992F15523500BF31FF /* Genre.swift in Sources */ = {isa = PBXBuildFile; fileRef = 01EBC0982F15523000BF31FF /* Genre.swift */; };
		01EBC09B2F15524700BF31FF /* Theme.swift in Sources */ = {isa = PBXBuildFile; fileRef = 01EBC09A2F15524500BF31FF /* Theme.swift */; };
		01EBC09D2F15525200BF31FF /* Demographic.swift in Sources */ = {isa = PBXBuildFile; fileRef = 01EBC09C2F15525200BF31FF /* Demographic.swift */; };
		01EBC09F2F15526800BF31FF /* Author.swift in Sources */ = {isa = PBXBuildFile; fileRef = 01EBC09E2F15526800BF31FF /* Author.swift */; };
		01EBC0A92F15577600BF31FF /* Collection.swift in Sources */ = {isa = PBXBuildFile; fileRef = 01EBC0A82F15577100BF31FF /* Collection.swift */; };
		01EBC0AE2F15914C00BF31FF /* EditCollection.swift in Sources */ = {isa = PBXBuildFile; fileRef = 01EBC0AD2F15914900BF31FF /* EditCollection.swift */; };
		01EBC0B22F15918100BF31FF /* EditColectionVM.swift in Sources */ = {isa = PBXBuildFile; fileRef = 01EBC0B12F15917D00BF31FF /* EditColectionVM.swift */; };
		01EBC0B42F1591B900BF31FF /* CreateCollection.swift in Sources */ = {isa = PBXBuildFile; fileRef = 01EBC0B32F15919F00BF31FF /* CreateCollection.swift */; };
		01EBC0B62F1591D900BF31FF /* CreateCollectionVM.swift in Sources */ = {isa = PBXBuildFile; fileRef = 01EBC0B52F1591D900BF31FF /* CreateCollectionVM.swift */; };
		01EBC0B82F16A1DC00BF31FF /* CollectionDTO.swift in Sources */ = {isa = PBXBuildFile; fileRef = 01EBC0B72F16A1D200BF31FF /* CollectionDTO.swift */; };
		01EBC0BA2F16A25100BF31FF /* MangaDTO.swift in Sources */ = {isa = PBXBuildFile; fileRef = 01EBC0B92F16A24F00BF31FF /* MangaDTO.swift */; };
		01EBC0BC2F16A25F00BF31FF /* AuthorDTO.swift in Sources */ = {isa = PBXBuildFile; fileRef = 01EBC0BB2F16A25600BF31FF /* AuthorDTO.swift */; };
		01EBC0BE2F16A26A00BF31FF /* DemographicDTO.swift in Sources */ = {isa = PBXBuildFile; fileRef = 01EBC0BD2F16A26400BF31FF /* DemographicDTO.swift */; };
		01EBC0C02F16A27100BF31FF /* ThemeDTO.swift in Sources */ = {isa = PBXBuildFile; fileRef = 01EBC0BF2F16A26C00BF31FF /* ThemeDTO.swift */; };
		01EBC0C22F16A27700BF31FF /* GenreDTO.swift in Sources */ = {isa = PBXBuildFile; fileRef = 01EBC0C12F16A27400BF31FF /* GenreDTO.swift */; };
		01EBC0CE2F16A79F00BF31FF /* CollectionsEndpoint.swift in Sources */ = {isa = PBXBuildFile; fileRef = 01EBC0CD2F16A79A00BF31FF /* CollectionsEndpoint.swift */; };
		01EBC0D02F16AD6900BF31FF /* UserAccountVM.swift in Sources */ = {isa = PBXBuildFile; fileRef = 01EBC0CF2F16AD5200BF31FF /* UserAccountVM.swift */; };
		01EBC0D22F19134900BF31FF /* CircleAvatar.swift in Sources */ = {isa = PBXBuildFile; fileRef = 01EBC0D12F19134500BF31FF /* CircleAvatar.swift */; };
		01EBC0D42F1921A800BF31FF /* MangaDetail.swift in Sources */ = {isa = PBXBuildFile; fileRef = 01EBC0D32F1921A400BF31FF /* MangaDetail.swift */; };
		01EBC0D62F1977B700BF31FF /* MangaCard.swift in Sources */ = {isa = PBXBuildFile; fileRef = 01EBC0D52F1977B200BF31FF /* MangaCard.swift */; };
		01EBC0D82F1A53A700BF31FF /* Chip.swift in Sources */ = {isa = PBXBuildFile; fileRef = 01EBC0D72F1A539C00BF31FF /* Chip.swift */; };
		01EBC0DC2F1B9AF900BF31FF /* AuthorEndpoint.swift in Sources */ = {isa = PBXBuildFile; fileRef = 01EBC0DB2F1B9AF300BF31FF /* AuthorEndpoint.swift */; };
		01EBC0DE2F1B9E9700BF31FF /* DemographicsEndpoint.swift in Sources */ = {isa = PBXBuildFile; fileRef = 01EBC0DD2F1B9E8B00BF31FF /* DemographicsEndpoint.swift */; };
		01EBC0E02F1B9EAF00BF31FF /* ThemeEndpoint.swift in Sources */ = {isa = PBXBuildFile; fileRef = 01EBC0DF2F1B9EAF00BF31FF /* ThemeEndpoint.swift */; };
		01EBC0E22F1B9EBE00BF31FF /* GenreEndpoint.swift in Sources */ = {isa = PBXBuildFile; fileRef = 01EBC0E12F1B9EBE00BF31FF /* GenreEndpoint.swift */; };
		01EBC0E42F1B9FCF00BF31FF /* MangasEndpoint.swift in Sources */ = {isa = PBXBuildFile; fileRef = 01EBC0E32F1B9FCF00BF31FF /* MangasEndpoint.swift */; };
		01EBC0E62F1BA04D00BF31FF /* PageDTO.swift in Sources */ = {isa = PBXBuildFile; fileRef = 01EBC0E52F1BA04900BF31FF /* PageDTO.swift */; };
		01EBC0E82F1BA2A000BF31FF /* SearchEndpoint.swift in Sources */ = {isa = PBXBuildFile; fileRef = 01EBC0E72F1BA29800BF31FF /* SearchEndpoint.swift */; };
		01EBC0EA2F1BA2CB00BF31FF /* CustomSearchInputDTO.swift in Sources */ = {isa = PBXBuildFile; fileRef = 01EBC0E92F1BA2CB00BF31FF /* CustomSearchInputDTO.swift */; };
		01EBC0EC2F1BA2FA00BF31FF /* AuthorIdsRequestInputDTO.swift in Sources */ = {isa = PBXBuildFile; fileRef = 01EBC0EB2F1BA2FA00BF31FF /* AuthorIdsRequestInputDTO.swift */; };
		01EBC0EE2F1BA81F00BF31FF /* UserMangaCollectionRequestInputDTO.swift in Sources */ = {isa = PBXBuildFile; fileRef = 01EBC0ED2F1BA81D00BF31FF /* UserMangaCollectionRequestInputDTO.swift */; };
/* End PBXBuildFile section */

/* Begin PBXFileReference section */
		01174A452F13CB550016843B /* UserTabView.swift */ = {isa = PBXFileReference; lastKnownFileType = sourcecode.swift; path = UserTabView.swift; sourceTree = "<group>"; };
		011F44712F12D7CA0055D0AE /* AuthStatus.swift */ = {isa = PBXFileReference; lastKnownFileType = sourcecode.swift; path = AuthStatus.swift; sourceTree = "<group>"; };
		011F44742F12E04D0055D0AE /* Constants.swift */ = {isa = PBXFileReference; lastKnownFileType = sourcecode.swift; path = Constants.swift; sourceTree = "<group>"; };
		011F44762F12E0DB0055D0AE /* LoginDTO.swift */ = {isa = PBXFileReference; lastKnownFileType = sourcecode.swift; path = LoginDTO.swift; sourceTree = "<group>"; };
		011F44792F13BEDF0055D0AE /* UserLoginView.swift */ = {isa = PBXFileReference; lastKnownFileType = sourcecode.swift; path = UserLoginView.swift; sourceTree = "<group>"; };
		011F447B2F13BEEC0055D0AE /* UserView.swift */ = {isa = PBXFileReference; lastKnownFileType = sourcecode.swift; path = UserView.swift; sourceTree = "<group>"; };
		011F447D2F13BEF60055D0AE /* UserAccountView.swift */ = {isa = PBXFileReference; lastKnownFileType = sourcecode.swift; path = UserAccountView.swift; sourceTree = "<group>"; };
		011F44802F13C8D80055D0AE /* UserLoginVM.swift */ = {isa = PBXFileReference; lastKnownFileType = sourcecode.swift; path = UserLoginVM.swift; sourceTree = "<group>"; };
		011F44822F13C90B0055D0AE /* UserVM.swift */ = {isa = PBXFileReference; lastKnownFileType = sourcecode.swift; path = UserVM.swift; sourceTree = "<group>"; };
		015A04612F03FB66007AA3F7 /* MainTabView.swift */ = {isa = PBXFileReference; lastKnownFileType = sourcecode.swift; path = MainTabView.swift; sourceTree = "<group>"; };
		015A04632F03FB78007AA3F7 /* HomeTabView.swift */ = {isa = PBXFileReference; lastKnownFileType = sourcecode.swift; path = HomeTabView.swift; sourceTree = "<group>"; };
		015A04652F03FB7E007AA3F7 /* ScrollTabView.swift */ = {isa = PBXFileReference; lastKnownFileType = sourcecode.swift; path = ScrollTabView.swift; sourceTree = "<group>"; };
		015A04692F03FBB5007AA3F7 /* SearchTabView.swift */ = {isa = PBXFileReference; lastKnownFileType = sourcecode.swift; path = SearchTabView.swift; sourceTree = "<group>"; };
		015A046B2F03FBE8007AA3F7 /* HomeTabVM.swift */ = {isa = PBXFileReference; lastKnownFileType = sourcecode.swift; path = HomeTabVM.swift; sourceTree = "<group>"; };
		015A046D2F03FBF7007AA3F7 /* ScrollTabVM.swift */ = {isa = PBXFileReference; lastKnownFileType = sourcecode.swift; path = ScrollTabVM.swift; sourceTree = "<group>"; };
		015A04712F03FC0B007AA3F7 /* SearchTabVM.swift */ = {isa = PBXFileReference; lastKnownFileType = sourcecode.swift; path = SearchTabVM.swift; sourceTree = "<group>"; };
		015A04772F03FCBD007AA3F7 /* APIClient.swift */ = {isa = PBXFileReference; lastKnownFileType = sourcecode.swift; path = APIClient.swift; sourceTree = "<group>"; };
		015A04792F03FCCF007AA3F7 /* APIManager.swift */ = {isa = PBXFileReference; lastKnownFileType = sourcecode.swift; path = APIManager.swift; sourceTree = "<group>"; };
		015A04862F040248007AA3F7 /* Localizable.xcstrings */ = {isa = PBXFileReference; lastKnownFileType = text.json.xcstrings; path = Localizable.xcstrings; sourceTree = "<group>"; };
		015A04892F040554007AA3F7 /* GlobalBackground.swift */ = {isa = PBXFileReference; lastKnownFileType = sourcecode.swift; path = GlobalBackground.swift; sourceTree = "<group>"; };
		018417EC2F02C6DB0064494B /* Pixu.app */ = {isa = PBXFileReference; explicitFileType = wrapper.application; includeInIndex = 0; path = Pixu.app; sourceTree = BUILT_PRODUCTS_DIR; };
		018418052F02D01F0064494B /* Assets.xcassets */ = {isa = PBXFileReference; lastKnownFileType = folder.assetcatalog; path = Assets.xcassets; sourceTree = "<group>"; };
		018418072F02D01F0064494B /* PixuApp.swift */ = {isa = PBXFileReference; lastKnownFileType = sourcecode.swift; path = PixuApp.swift; sourceTree = "<group>"; };
		018418082F02D01F0064494B /* PixuIconApp.icon */ = {isa = PBXFileReference; lastKnownFileType = folder.iconcomposer.icon; path = PixuIconApp.icon; sourceTree = "<group>"; };
		01AEBE7C2F1004720041E55C /* UsersEndpopint.swift */ = {isa = PBXFileReference; lastKnownFileType = sourcecode.swift; path = UsersEndpopint.swift; sourceTree = "<group>"; };
		01AEBE812F10071B0041E55C /* CreateUserInputDTO.swift */ = {isa = PBXFileReference; lastKnownFileType = sourcecode.swift; path = CreateUserInputDTO.swift; sourceTree = "<group>"; };
		01AEBE842F11287D0041E55C /* ButtonsStyles.swift */ = {isa = PBXFileReference; lastKnownFileType = sourcecode.swift; path = ButtonsStyles.swift; sourceTree = "<group>"; };
		01AEBE862F126B380041E55C /* TextFieldsStyles.swift */ = {isa = PBXFileReference; lastKnownFileType = sourcecode.swift; path = TextFieldsStyles.swift; sourceTree = "<group>"; };
		01EBC0962F1551D500BF31FF /* Manga.swift */ = {isa = PBXFileReference; lastKnownFileType = sourcecode.swift; path = Manga.swift; sourceTree = "<group>"; };
		01EBC0982F15523000BF31FF /* Genre.swift */ = {isa = PBXFileReference; lastKnownFileType = sourcecode.swift; path = Genre.swift; sourceTree = "<group>"; };
		01EBC09A2F15524500BF31FF /* Theme.swift */ = {isa = PBXFileReference; lastKnownFileType = sourcecode.swift; path = Theme.swift; sourceTree = "<group>"; };
		01EBC09C2F15525200BF31FF /* Demographic.swift */ = {isa = PBXFileReference; lastKnownFileType = sourcecode.swift; path = Demographic.swift; sourceTree = "<group>"; };
		01EBC09E2F15526800BF31FF /* Author.swift */ = {isa = PBXFileReference; lastKnownFileType = sourcecode.swift; path = Author.swift; sourceTree = "<group>"; };
		01EBC0A82F15577100BF31FF /* Collection.swift */ = {isa = PBXFileReference; lastKnownFileType = sourcecode.swift; path = Collection.swift; sourceTree = "<group>"; };
		01EBC0AD2F15914900BF31FF /* EditCollection.swift */ = {isa = PBXFileReference; lastKnownFileType = sourcecode.swift; path = EditCollection.swift; sourceTree = "<group>"; };
		01EBC0B12F15917D00BF31FF /* EditColectionVM.swift */ = {isa = PBXFileReference; lastKnownFileType = sourcecode.swift; path = EditColectionVM.swift; sourceTree = "<group>"; };
		01EBC0B32F15919F00BF31FF /* CreateCollection.swift */ = {isa = PBXFileReference; lastKnownFileType = sourcecode.swift; path = CreateCollection.swift; sourceTree = "<group>"; };
		01EBC0B52F1591D900BF31FF /* CreateCollectionVM.swift */ = {isa = PBXFileReference; lastKnownFileType = sourcecode.swift; path = CreateCollectionVM.swift; sourceTree = "<group>"; };
		01EBC0B72F16A1D200BF31FF /* CollectionDTO.swift */ = {isa = PBXFileReference; lastKnownFileType = sourcecode.swift; path = CollectionDTO.swift; sourceTree = "<group>"; };
		01EBC0B92F16A24F00BF31FF /* MangaDTO.swift */ = {isa = PBXFileReference; lastKnownFileType = sourcecode.swift; path = MangaDTO.swift; sourceTree = "<group>"; };
		01EBC0BB2F16A25600BF31FF /* AuthorDTO.swift */ = {isa = PBXFileReference; lastKnownFileType = sourcecode.swift; path = AuthorDTO.swift; sourceTree = "<group>"; };
		01EBC0BD2F16A26400BF31FF /* DemographicDTO.swift */ = {isa = PBXFileReference; lastKnownFileType = sourcecode.swift; path = DemographicDTO.swift; sourceTree = "<group>"; };
		01EBC0BF2F16A26C00BF31FF /* ThemeDTO.swift */ = {isa = PBXFileReference; lastKnownFileType = sourcecode.swift; path = ThemeDTO.swift; sourceTree = "<group>"; };
		01EBC0C12F16A27400BF31FF /* GenreDTO.swift */ = {isa = PBXFileReference; lastKnownFileType = sourcecode.swift; path = GenreDTO.swift; sourceTree = "<group>"; };
		01EBC0CD2F16A79A00BF31FF /* CollectionsEndpoint.swift */ = {isa = PBXFileReference; lastKnownFileType = sourcecode.swift; path = CollectionsEndpoint.swift; sourceTree = "<group>"; };
		01EBC0CF2F16AD5200BF31FF /* UserAccountVM.swift */ = {isa = PBXFileReference; lastKnownFileType = sourcecode.swift; path = UserAccountVM.swift; sourceTree = "<group>"; };
		01EBC0D12F19134500BF31FF /* CircleAvatar.swift */ = {isa = PBXFileReference; lastKnownFileType = sourcecode.swift; path = CircleAvatar.swift; sourceTree = "<group>"; };
		01EBC0D32F1921A400BF31FF /* MangaDetail.swift */ = {isa = PBXFileReference; lastKnownFileType = sourcecode.swift; path = MangaDetail.swift; sourceTree = "<group>"; };
		01EBC0D52F1977B200BF31FF /* MangaCard.swift */ = {isa = PBXFileReference; lastKnownFileType = sourcecode.swift; path = MangaCard.swift; sourceTree = "<group>"; };
		01EBC0D72F1A539C00BF31FF /* Chip.swift */ = {isa = PBXFileReference; lastKnownFileType = sourcecode.swift; path = Chip.swift; sourceTree = "<group>"; };
		01EBC0DB2F1B9AF300BF31FF /* AuthorEndpoint.swift */ = {isa = PBXFileReference; lastKnownFileType = sourcecode.swift; path = AuthorEndpoint.swift; sourceTree = "<group>"; };
		01EBC0DD2F1B9E8B00BF31FF /* DemographicsEndpoint.swift */ = {isa = PBXFileReference; lastKnownFileType = sourcecode.swift; path = DemographicsEndpoint.swift; sourceTree = "<group>"; };
		01EBC0DF2F1B9EAF00BF31FF /* ThemeEndpoint.swift */ = {isa = PBXFileReference; lastKnownFileType = sourcecode.swift; path = ThemeEndpoint.swift; sourceTree = "<group>"; };
		01EBC0E12F1B9EBE00BF31FF /* GenreEndpoint.swift */ = {isa = PBXFileReference; lastKnownFileType = sourcecode.swift; path = GenreEndpoint.swift; sourceTree = "<group>"; };
		01EBC0E32F1B9FCF00BF31FF /* MangasEndpoint.swift */ = {isa = PBXFileReference; lastKnownFileType = sourcecode.swift; path = MangasEndpoint.swift; sourceTree = "<group>"; };
		01EBC0E52F1BA04900BF31FF /* PageDTO.swift */ = {isa = PBXFileReference; lastKnownFileType = sourcecode.swift; path = PageDTO.swift; sourceTree = "<group>"; };
		01EBC0E72F1BA29800BF31FF /* SearchEndpoint.swift */ = {isa = PBXFileReference; lastKnownFileType = sourcecode.swift; path = SearchEndpoint.swift; sourceTree = "<group>"; };
		01EBC0E92F1BA2CB00BF31FF /* CustomSearchInputDTO.swift */ = {isa = PBXFileReference; lastKnownFileType = sourcecode.swift; path = CustomSearchInputDTO.swift; sourceTree = "<group>"; };
		01EBC0EB2F1BA2FA00BF31FF /* AuthorIdsRequestInputDTO.swift */ = {isa = PBXFileReference; lastKnownFileType = sourcecode.swift; path = AuthorIdsRequestInputDTO.swift; sourceTree = "<group>"; };
		01EBC0ED2F1BA81D00BF31FF /* UserMangaCollectionRequestInputDTO.swift */ = {isa = PBXFileReference; lastKnownFileType = sourcecode.swift; path = UserMangaCollectionRequestInputDTO.swift; sourceTree = "<group>"; };
/* End PBXFileReference section */

/* Begin PBXFrameworksBuildPhase section */
		018417E92F02C6DB0064494B /* Frameworks */ = {
			isa = PBXFrameworksBuildPhase;
			buildActionMask = 2147483647;
			files = (
				015A047D2F03FE20007AA3F7 /* CommonsLib in Frameworks */,
			);
			runOnlyForDeploymentPostprocessing = 0;
		};
/* End PBXFrameworksBuildPhase section */

/* Begin PBXGroup section */
		011F44702F12D6B70055D0AE /* SessionManager */ = {
			isa = PBXGroup;
			children = (
				011F44712F12D7CA0055D0AE /* AuthStatus.swift */,
			);
			path = SessionManager;
			sourceTree = "<group>";
		};
		011F44732F12E0220055D0AE /* Enum */ = {
			isa = PBXGroup;
			children = (
				011F44742F12E04D0055D0AE /* Constants.swift */,
			);
			path = Enum;
			sourceTree = "<group>";
		};
		011F44782F13BECF0055D0AE /* User */ = {
			isa = PBXGroup;
			children = (
				011F44792F13BEDF0055D0AE /* UserLoginView.swift */,
				011F447B2F13BEEC0055D0AE /* UserView.swift */,
				011F447D2F13BEF60055D0AE /* UserAccountView.swift */,
			);
			path = User;
			sourceTree = "<group>";
		};
		011F447F2F13C8C10055D0AE /* User */ = {
			isa = PBXGroup;
			children = (
				011F44802F13C8D80055D0AE /* UserLoginVM.swift */,
				011F44822F13C90B0055D0AE /* UserVM.swift */,
				01EBC0CF2F16AD5200BF31FF /* UserAccountVM.swift */,
			);
			path = User;
			sourceTree = "<group>";
		};
		015A045F2F03FB21007AA3F7 /* ViewModel */ = {
			isa = PBXGroup;
			children = (
				015A046B2F03FBE8007AA3F7 /* HomeTabVM.swift */,
				015A046D2F03FBF7007AA3F7 /* ScrollTabVM.swift */,
				015A04712F03FC0B007AA3F7 /* SearchTabVM.swift */,
				011F447F2F13C8C10055D0AE /* User */,
				01EBC0B02F15917100BF31FF /* Colecction */,
				01EBC0AF2F15915900BF31FF /* Manga */,
			);
			path = ViewModel;
			sourceTree = "<group>";
		};
		015A04602F03FB24007AA3F7 /* View */ = {
			isa = PBXGroup;
			children = (
				015A04612F03FB66007AA3F7 /* MainTabView.swift */,
				015A04632F03FB78007AA3F7 /* HomeTabView.swift */,
				015A04652F03FB7E007AA3F7 /* ScrollTabView.swift */,
				01174A452F13CB550016843B /* UserTabView.swift */,
				015A04692F03FBB5007AA3F7 /* SearchTabView.swift */,
				011F44782F13BECF0055D0AE /* User */,
				01EBC0AC2F15913800BF31FF /* Collection */,
				01EBC0AB2F1565A300BF31FF /* Manga */,
			);
			path = View;
			sourceTree = "<group>";
		};
		015A04762F03FCA2007AA3F7 /* Network */ = {
			isa = PBXGroup;
			children = (
				01AEBE7B2F1004500041E55C /* Endpoints */,
				015A04772F03FCBD007AA3F7 /* APIClient.swift */,
				015A04792F03FCCF007AA3F7 /* APIManager.swift */,
			);
			path = Network;
			sourceTree = "<group>";
		};
		015A04882F040542007AA3F7 /* Components */ = {
			isa = PBXGroup;
			children = (
				01EBC0D72F1A539C00BF31FF /* Chip.swift */,
				01EBC0D12F19134500BF31FF /* CircleAvatar.swift */,
				015A04892F040554007AA3F7 /* GlobalBackground.swift */,
			);
			path = Components;
			sourceTree = "<group>";
		};
		018417E32F02C6DB0064494B = {
			isa = PBXGroup;
			children = (
				018418092F02D01F0064494B /* Pixu */,
				018417ED2F02C6DB0064494B /* Products */,
			);
			sourceTree = "<group>";
		};
		018417ED2F02C6DB0064494B /* Products */ = {
			isa = PBXGroup;
			children = (
				018417EC2F02C6DB0064494B /* Pixu.app */,
			);
			name = Products;
			sourceTree = "<group>";
		};
		018418062F02D01F0064494B /* Resources */ = {
			isa = PBXGroup;
			children = (
				015A04862F040248007AA3F7 /* Localizable.xcstrings */,
				018418052F02D01F0064494B /* Assets.xcassets */,
			);
			path = Resources;
			sourceTree = "<group>";
		};
		018418092F02D01F0064494B /* Pixu */ = {
			isa = PBXGroup;
			children = (
				018418082F02D01F0064494B /* PixuIconApp.icon */,
				015A04602F03FB24007AA3F7 /* View */,
				015A045F2F03FB21007AA3F7 /* ViewModel */,
				015A04882F040542007AA3F7 /* Components */,
				01AEBE832F11285D0041E55C /* Styles */,
				015A04762F03FCA2007AA3F7 /* Network */,
				01AEBE7E2F1006E30041E55C /* Models */,
				011F44702F12D6B70055D0AE /* SessionManager */,
				018418062F02D01F0064494B /* Resources */,
				018418072F02D01F0064494B /* PixuApp.swift */,
			);
			path = Pixu;
			sourceTree = "<group>";
		};
		01AEBE7B2F1004500041E55C /* Endpoints */ = {
			isa = PBXGroup;
			children = (
				01EBC0E72F1BA29800BF31FF /* SearchEndpoint.swift */,
				01EBC0CD2F16A79A00BF31FF /* CollectionsEndpoint.swift */,
				01EBC0E32F1B9FCF00BF31FF /* MangasEndpoint.swift */,
				01EBC0DB2F1B9AF300BF31FF /* AuthorEndpoint.swift */,
				01EBC0DD2F1B9E8B00BF31FF /* DemographicsEndpoint.swift */,
				01EBC0DF2F1B9EAF00BF31FF /* ThemeEndpoint.swift */,
				01EBC0E12F1B9EBE00BF31FF /* GenreEndpoint.swift */,
				01AEBE7C2F1004720041E55C /* UsersEndpopint.swift */,
			);
			path = Endpoints;
			sourceTree = "<group>";
		};
		01AEBE7E2F1006E30041E55C /* Models */ = {
			isa = PBXGroup;
			children = (
				01EBC0A82F15577100BF31FF /* Collection.swift */,
				01EBC0962F1551D500BF31FF /* Manga.swift */,
				01EBC09E2F15526800BF31FF /* Author.swift */,
				01EBC09C2F15525200BF31FF /* Demographic.swift */,
				01EBC09A2F15524500BF31FF /* Theme.swift */,
				01EBC0982F15523000BF31FF /* Genre.swift */,
				011F44732F12E0220055D0AE /* Enum */,
				01AEBE802F1007020041E55C /* InputDTO */,
				01AEBE7F2F1006FC0041E55C /* DTO */,
			);
			path = Models;
			sourceTree = "<group>";
		};
		01AEBE7F2F1006FC0041E55C /* DTO */ = {
			isa = PBXGroup;
			children = (
				01EBC0E52F1BA04900BF31FF /* PageDTO.swift */,
				01EBC0B72F16A1D200BF31FF /* CollectionDTO.swift */,
				01EBC0B92F16A24F00BF31FF /* MangaDTO.swift */,
				01EBC0BB2F16A25600BF31FF /* AuthorDTO.swift */,
				01EBC0BD2F16A26400BF31FF /* DemographicDTO.swift */,
				01EBC0BF2F16A26C00BF31FF /* ThemeDTO.swift */,
				01EBC0C12F16A27400BF31FF /* GenreDTO.swift */,
				011F44762F12E0DB0055D0AE /* LoginDTO.swift */,
			);
			path = DTO;
			sourceTree = "<group>";
		};
		01AEBE802F1007020041E55C /* InputDTO */ = {
			isa = PBXGroup;
			children = (
				01EBC0ED2F1BA81D00BF31FF /* UserMangaCollectionRequestInputDTO.swift */,
				01AEBE812F10071B0041E55C /* CreateUserInputDTO.swift */,
				01EBC0E92F1BA2CB00BF31FF /* CustomSearchInputDTO.swift */,
				01EBC0EB2F1BA2FA00BF31FF /* AuthorIdsRequestInputDTO.swift */,
			);
			path = InputDTO;
			sourceTree = "<group>";
		};
		01AEBE832F11285D0041E55C /* Styles */ = {
			isa = PBXGroup;
			children = (
				01AEBE842F11287D0041E55C /* ButtonsStyles.swift */,
				01AEBE862F126B380041E55C /* TextFieldsStyles.swift */,
			);
			path = Styles;
			sourceTree = "<group>";
		};
		01EBC0AB2F1565A300BF31FF /* Manga */ = {
			isa = PBXGroup;
			children = (
				01EBC0D52F1977B200BF31FF /* MangaCard.swift */,
				01EBC0D32F1921A400BF31FF /* MangaDetail.swift */,
			);
			path = Manga;
			sourceTree = "<group>";
		};
		01EBC0AC2F15913800BF31FF /* Collection */ = {
			isa = PBXGroup;
			children = (
				01EBC0B32F15919F00BF31FF /* CreateCollection.swift */,
				01EBC0AD2F15914900BF31FF /* EditCollection.swift */,
			);
			path = Collection;
			sourceTree = "<group>";
		};
		01EBC0AF2F15915900BF31FF /* Manga */ = {
			isa = PBXGroup;
			children = (
			);
			path = Manga;
			sourceTree = "<group>";
		};
		01EBC0B02F15917100BF31FF /* Colecction */ = {
			isa = PBXGroup;
			children = (
				01EBC0B52F1591D900BF31FF /* CreateCollectionVM.swift */,
				01EBC0B12F15917D00BF31FF /* EditColectionVM.swift */,
			);
			path = Colecction;
			sourceTree = "<group>";
		};
/* End PBXGroup section */

/* Begin PBXNativeTarget section */
		018417EB2F02C6DB0064494B /* Pixu */ = {
			isa = PBXNativeTarget;
			buildConfigurationList = 018417F72F02C6DD0064494B /* Build configuration list for PBXNativeTarget "Pixu" */;
			buildPhases = (
				018417E82F02C6DB0064494B /* Sources */,
				018417E92F02C6DB0064494B /* Frameworks */,
				018417EA2F02C6DB0064494B /* Resources */,
			);
			buildRules = (
			);
			dependencies = (
			);
			name = Pixu;
			packageProductDependencies = (
				015A047C2F03FE20007AA3F7 /* CommonsLib */,
			);
			productName = Pixu;
			productReference = 018417EC2F02C6DB0064494B /* Pixu.app */;
			productType = "com.apple.product-type.application";
		};
/* End PBXNativeTarget section */

/* Begin PBXProject section */
		018417E42F02C6DB0064494B /* Project object */ = {
			isa = PBXProject;
			attributes = {
				BuildIndependentTargetsInParallel = 1;
				LastSwiftUpdateCheck = 2610;
				LastUpgradeCheck = 2610;
				TargetAttributes = {
					018417EB2F02C6DB0064494B = {
						CreatedOnToolsVersion = 26.1.1;
					};
				};
			};
			buildConfigurationList = 018417E72F02C6DB0064494B /* Build configuration list for PBXProject "Pixu" */;
			developmentRegion = en;
			hasScannedForEncodings = 0;
			knownRegions = (
				en,
				Base,
				es,
			);
			mainGroup = 018417E32F02C6DB0064494B;
			minimizedProjectReferenceProxies = 1;
			packageReferences = (
				015A047B2F03FE20007AA3F7 /* XCLocalSwiftPackageReference "../../Proyectos/CommonsLib" */,
			);
			preferredProjectObjectVersion = 77;
			productRefGroup = 018417ED2F02C6DB0064494B /* Products */;
			projectDirPath = "";
			projectRoot = "";
			targets = (
				018417EB2F02C6DB0064494B /* Pixu */,
			);
		};
/* End PBXProject section */

/* Begin PBXResourcesBuildPhase section */
		018417EA2F02C6DB0064494B /* Resources */ = {
			isa = PBXResourcesBuildPhase;
			buildActionMask = 2147483647;
			files = (
				0184180A2F02D01F0064494B /* Assets.xcassets in Resources */,
				0184180B2F02D01F0064494B /* PixuIconApp.icon in Resources */,
				015A04872F040248007AA3F7 /* Localizable.xcstrings in Resources */,
			);
			runOnlyForDeploymentPostprocessing = 0;
		};
/* End PBXResourcesBuildPhase section */

/* Begin PBXSourcesBuildPhase section */
		018417E82F02C6DB0064494B /* Sources */ = {
			isa = PBXSourcesBuildPhase;
			buildActionMask = 2147483647;
			files = (
				01EBC09B2F15524700BF31FF /* Theme.swift in Sources */,
				01AEBE822F1007270041E55C /* CreateUserInputDTO.swift in Sources */,
				01EBC0BC2F16A25F00BF31FF /* AuthorDTO.swift in Sources */,
				01EBC09D2F15525200BF31FF /* Demographic.swift in Sources */,
				011F44832F13C9130055D0AE /* UserVM.swift in Sources */,
				01EBC0D02F16AD6900BF31FF /* UserAccountVM.swift in Sources */,
				011F44752F12E04D0055D0AE /* Constants.swift in Sources */,
				01EBC0D62F1977B700BF31FF /* MangaCard.swift in Sources */,
				01AEBE852F11287D0041E55C /* ButtonsStyles.swift in Sources */,
				01EBC0EC2F1BA2FA00BF31FF /* AuthorIdsRequestInputDTO.swift in Sources */,
				01EBC0CE2F16A79F00BF31FF /* CollectionsEndpoint.swift in Sources */,
				015A047A2F03FCCF007AA3F7 /* APIManager.swift in Sources */,
				01EBC09F2F15526800BF31FF /* Author.swift in Sources */,
				01EBC0C22F16A27700BF31FF /* GenreDTO.swift in Sources */,
				01174A462F13CB550016843B /* UserTabView.swift in Sources */,
				015A04782F03FCBD007AA3F7 /* APIClient.swift in Sources */,
				015A048A2F040554007AA3F7 /* GlobalBackground.swift in Sources */,
				01EBC0EA2F1BA2CB00BF31FF /* CustomSearchInputDTO.swift in Sources */,
				01EBC0D42F1921A800BF31FF /* MangaDetail.swift in Sources */,
				01EBC0B82F16A1DC00BF31FF /* CollectionDTO.swift in Sources */,
				015A04642F03FB78007AA3F7 /* HomeTabView.swift in Sources */,
				01EBC0992F15523500BF31FF /* Genre.swift in Sources */,
				011F44722F12D7CF0055D0AE /* AuthStatus.swift in Sources */,
				011F447A2F13BEE90055D0AE /* UserLoginView.swift in Sources */,
				01EBC0E02F1B9EAF00BF31FF /* ThemeEndpoint.swift in Sources */,
				015A046C2F03FBE8007AA3F7 /* HomeTabVM.swift in Sources */,
				011F447C2F13BEF30055D0AE /* UserView.swift in Sources */,
				01EBC0E22F1B9EBE00BF31FF /* GenreEndpoint.swift in Sources */,
				01AEBE7D2F1004720041E55C /* UsersEndpopint.swift in Sources */,
				01EBC0B62F1591D900BF31FF /* CreateCollectionVM.swift in Sources */,
				01EBC0C02F16A27100BF31FF /* ThemeDTO.swift in Sources */,
				01EBC0D22F19134900BF31FF /* CircleAvatar.swift in Sources */,
				015A04662F03FB7E007AA3F7 /* ScrollTabView.swift in Sources */,
				01EBC0E62F1BA04D00BF31FF /* PageDTO.swift in Sources */,
				011F447E2F13BF070055D0AE /* UserAccountView.swift in Sources */,
				01EBC0E82F1BA2A000BF31FF /* SearchEndpoint.swift in Sources */,
				011F44812F13C8E30055D0AE /* UserLoginVM.swift in Sources */,
				01EBC0A92F15577600BF31FF /* Collection.swift in Sources */,
				01EBC0972F1551DB00BF31FF /* Manga.swift in Sources */,
				015A046A2F03FBB5007AA3F7 /* SearchTabView.swift in Sources */,
				011F44772F12E0DE0055D0AE /* LoginDTO.swift in Sources */,
				01EBC0B22F15918100BF31FF /* EditColectionVM.swift in Sources */,
				01EBC0E42F1B9FCF00BF31FF /* MangasEndpoint.swift in Sources */,
				01EBC0BA2F16A25100BF31FF /* MangaDTO.swift in Sources */,
				01EBC0D82F1A53A700BF31FF /* Chip.swift in Sources */,
				0184180C2F02D01F0064494B /* PixuApp.swift in Sources */,
				01EBC0DE2F1B9E9700BF31FF /* DemographicsEndpoint.swift in Sources */,
				01EBC0AE2F15914C00BF31FF /* EditCollection.swift in Sources */,
				015A046E2F03FBF7007AA3F7 /* ScrollTabVM.swift in Sources */,
				01EBC0DC2F1B9AF900BF31FF /* AuthorEndpoint.swift in Sources */,
				01EBC0EE2F1BA81F00BF31FF /* UserMangaCollectionRequestInputDTO.swift in Sources */,
				015A04622F03FB66007AA3F7 /* MainTabView.swift in Sources */,
				01EBC0B42F1591B900BF31FF /* CreateCollection.swift in Sources */,
				01EBC0BE2F16A26A00BF31FF /* DemographicDTO.swift in Sources */,
				015A04722F03FC0B007AA3F7 /* SearchTabVM.swift in Sources */,
				01AEBE872F126B380041E55C /* TextFieldsStyles.swift in Sources */,
			);
			runOnlyForDeploymentPostprocessing = 0;
		};
/* End PBXSourcesBuildPhase section */

/* Begin XCBuildConfiguration section */
		018417F52F02C6DD0064494B /* Debug */ = {
			isa = XCBuildConfiguration;
			buildSettings = {
				ALWAYS_SEARCH_USER_PATHS = NO;
				ASSETCATALOG_COMPILER_GENERATE_SWIFT_ASSET_SYMBOL_EXTENSIONS = YES;
				CLANG_ANALYZER_NONNULL = YES;
				CLANG_ANALYZER_NUMBER_OBJECT_CONVERSION = YES_AGGRESSIVE;
				CLANG_CXX_LANGUAGE_STANDARD = "gnu++20";
				CLANG_ENABLE_MODULES = YES;
				CLANG_ENABLE_OBJC_ARC = YES;
				CLANG_ENABLE_OBJC_WEAK = YES;
				CLANG_WARN_BLOCK_CAPTURE_AUTORELEASING = YES;
				CLANG_WARN_BOOL_CONVERSION = YES;
				CLANG_WARN_COMMA = YES;
				CLANG_WARN_CONSTANT_CONVERSION = YES;
				CLANG_WARN_DEPRECATED_OBJC_IMPLEMENTATIONS = YES;
				CLANG_WARN_DIRECT_OBJC_ISA_USAGE = YES_ERROR;
				CLANG_WARN_DOCUMENTATION_COMMENTS = YES;
				CLANG_WARN_EMPTY_BODY = YES;
				CLANG_WARN_ENUM_CONVERSION = YES;
				CLANG_WARN_INFINITE_RECURSION = YES;
				CLANG_WARN_INT_CONVERSION = YES;
				CLANG_WARN_NON_LITERAL_NULL_CONVERSION = YES;
				CLANG_WARN_OBJC_IMPLICIT_RETAIN_SELF = YES;
				CLANG_WARN_OBJC_LITERAL_CONVERSION = YES;
				CLANG_WARN_OBJC_ROOT_CLASS = YES_ERROR;
				CLANG_WARN_QUOTED_INCLUDE_IN_FRAMEWORK_HEADER = YES;
				CLANG_WARN_RANGE_LOOP_ANALYSIS = YES;
				CLANG_WARN_STRICT_PROTOTYPES = YES;
				CLANG_WARN_SUSPICIOUS_MOVE = YES;
				CLANG_WARN_UNGUARDED_AVAILABILITY = YES_AGGRESSIVE;
				CLANG_WARN_UNREACHABLE_CODE = YES;
				CLANG_WARN__DUPLICATE_METHOD_MATCH = YES;
				COPY_PHASE_STRIP = NO;
				DEBUG_INFORMATION_FORMAT = dwarf;
				DEVELOPMENT_TEAM = 4TB28J5RKC;
				ENABLE_STRICT_OBJC_MSGSEND = YES;
				ENABLE_TESTABILITY = YES;
				ENABLE_USER_SCRIPT_SANDBOXING = YES;
				GCC_C_LANGUAGE_STANDARD = gnu17;
				GCC_DYNAMIC_NO_PIC = NO;
				GCC_NO_COMMON_BLOCKS = YES;
				GCC_OPTIMIZATION_LEVEL = 0;
				GCC_PREPROCESSOR_DEFINITIONS = (
					"DEBUG=1",
					"$(inherited)",
				);
				GCC_WARN_64_TO_32_BIT_CONVERSION = YES;
				GCC_WARN_ABOUT_RETURN_TYPE = YES_ERROR;
				GCC_WARN_UNDECLARED_SELECTOR = YES;
				GCC_WARN_UNINITIALIZED_AUTOS = YES_AGGRESSIVE;
				GCC_WARN_UNUSED_FUNCTION = YES;
				GCC_WARN_UNUSED_VARIABLE = YES;
				IPHONEOS_DEPLOYMENT_TARGET = 26.1;
				LOCALIZATION_PREFERS_STRING_CATALOGS = YES;
				MTL_ENABLE_DEBUG_INFO = INCLUDE_SOURCE;
				MTL_FAST_MATH = YES;
				ONLY_ACTIVE_ARCH = YES;
				SDKROOT = iphoneos;
				SWIFT_ACTIVE_COMPILATION_CONDITIONS = "DEBUG $(inherited)";
				SWIFT_EMIT_LOC_STRINGS = YES;
				SWIFT_OPTIMIZATION_LEVEL = "-Onone";
			};
			name = Debug;
		};
		018417F62F02C6DD0064494B /* Release */ = {
			isa = XCBuildConfiguration;
			buildSettings = {
				ALWAYS_SEARCH_USER_PATHS = NO;
				ASSETCATALOG_COMPILER_GENERATE_SWIFT_ASSET_SYMBOL_EXTENSIONS = YES;
				CLANG_ANALYZER_NONNULL = YES;
				CLANG_ANALYZER_NUMBER_OBJECT_CONVERSION = YES_AGGRESSIVE;
				CLANG_CXX_LANGUAGE_STANDARD = "gnu++20";
				CLANG_ENABLE_MODULES = YES;
				CLANG_ENABLE_OBJC_ARC = YES;
				CLANG_ENABLE_OBJC_WEAK = YES;
				CLANG_WARN_BLOCK_CAPTURE_AUTORELEASING = YES;
				CLANG_WARN_BOOL_CONVERSION = YES;
				CLANG_WARN_COMMA = YES;
				CLANG_WARN_CONSTANT_CONVERSION = YES;
				CLANG_WARN_DEPRECATED_OBJC_IMPLEMENTATIONS = YES;
				CLANG_WARN_DIRECT_OBJC_ISA_USAGE = YES_ERROR;
				CLANG_WARN_DOCUMENTATION_COMMENTS = YES;
				CLANG_WARN_EMPTY_BODY = YES;
				CLANG_WARN_ENUM_CONVERSION = YES;
				CLANG_WARN_INFINITE_RECURSION = YES;
				CLANG_WARN_INT_CONVERSION = YES;
				CLANG_WARN_NON_LITERAL_NULL_CONVERSION = YES;
				CLANG_WARN_OBJC_IMPLICIT_RETAIN_SELF = YES;
				CLANG_WARN_OBJC_LITERAL_CONVERSION = YES;
				CLANG_WARN_OBJC_ROOT_CLASS = YES_ERROR;
				CLANG_WARN_QUOTED_INCLUDE_IN_FRAMEWORK_HEADER = YES;
				CLANG_WARN_RANGE_LOOP_ANALYSIS = YES;
				CLANG_WARN_STRICT_PROTOTYPES = YES;
				CLANG_WARN_SUSPICIOUS_MOVE = YES;
				CLANG_WARN_UNGUARDED_AVAILABILITY = YES_AGGRESSIVE;
				CLANG_WARN_UNREACHABLE_CODE = YES;
				CLANG_WARN__DUPLICATE_METHOD_MATCH = YES;
				COPY_PHASE_STRIP = NO;
				DEBUG_INFORMATION_FORMAT = "dwarf-with-dsym";
				DEVELOPMENT_TEAM = 4TB28J5RKC;
				ENABLE_NS_ASSERTIONS = NO;
				ENABLE_STRICT_OBJC_MSGSEND = YES;
				ENABLE_USER_SCRIPT_SANDBOXING = YES;
				GCC_C_LANGUAGE_STANDARD = gnu17;
				GCC_NO_COMMON_BLOCKS = YES;
				GCC_WARN_64_TO_32_BIT_CONVERSION = YES;
				GCC_WARN_ABOUT_RETURN_TYPE = YES_ERROR;
				GCC_WARN_UNDECLARED_SELECTOR = YES;
				GCC_WARN_UNINITIALIZED_AUTOS = YES_AGGRESSIVE;
				GCC_WARN_UNUSED_FUNCTION = YES;
				GCC_WARN_UNUSED_VARIABLE = YES;
				IPHONEOS_DEPLOYMENT_TARGET = 26.1;
				LOCALIZATION_PREFERS_STRING_CATALOGS = YES;
				MTL_ENABLE_DEBUG_INFO = NO;
				MTL_FAST_MATH = YES;
				SDKROOT = iphoneos;
				SWIFT_COMPILATION_MODE = wholemodule;
				SWIFT_EMIT_LOC_STRINGS = YES;
				VALIDATE_PRODUCT = YES;
			};
			name = Release;
		};
		018417F82F02C6DD0064494B /* Debug */ = {
			isa = XCBuildConfiguration;
			buildSettings = {
				ASSETCATALOG_COMPILER_APPICON_NAME = PixuIconApp;
				ASSETCATALOG_COMPILER_GLOBAL_ACCENT_COLOR_NAME = AccentColor;
				CODE_SIGN_STYLE = Automatic;
				CURRENT_PROJECT_VERSION = 1;
				DEVELOPMENT_TEAM = 4TB28J5RKC;
				ENABLE_PREVIEWS = YES;
				GENERATE_INFOPLIST_FILE = YES;
				INFOPLIST_KEY_UIApplicationSceneManifest_Generation = YES;
				INFOPLIST_KEY_UIApplicationSupportsIndirectInputEvents = YES;
				INFOPLIST_KEY_UILaunchScreen_Generation = YES;
				INFOPLIST_KEY_UISupportedInterfaceOrientations_iPad = "UIInterfaceOrientationPortrait UIInterfaceOrientationPortraitUpsideDown UIInterfaceOrientationLandscapeLeft UIInterfaceOrientationLandscapeRight";
				INFOPLIST_KEY_UISupportedInterfaceOrientations_iPhone = "UIInterfaceOrientationPortrait UIInterfaceOrientationLandscapeLeft UIInterfaceOrientationLandscapeRight";
				LD_RUNPATH_SEARCH_PATHS = (
					"$(inherited)",
					"@executable_path/Frameworks",
				);
				MARKETING_VERSION = 1.0;
				PRODUCT_BUNDLE_IDENTIFIER = com.smdc.Pixu;
				PRODUCT_NAME = "$(TARGET_NAME)";
				STRING_CATALOG_GENERATE_SYMBOLS = YES;
				SWIFT_APPROACHABLE_CONCURRENCY = NO;
				SWIFT_DEFAULT_ACTOR_ISOLATION = nonisolated;
				SWIFT_EMIT_LOC_STRINGS = YES;
				SWIFT_UPCOMING_FEATURE_MEMBER_IMPORT_VISIBILITY = YES;
				SWIFT_VERSION = 6.0;
				TARGETED_DEVICE_FAMILY = "1,2";
			};
			name = Debug;
		};
		018417F92F02C6DD0064494B /* Release */ = {
			isa = XCBuildConfiguration;
			buildSettings = {
				ASSETCATALOG_COMPILER_APPICON_NAME = PixuIconApp;
				ASSETCATALOG_COMPILER_GLOBAL_ACCENT_COLOR_NAME = AccentColor;
				CODE_SIGN_STYLE = Automatic;
				CURRENT_PROJECT_VERSION = 1;
				DEVELOPMENT_TEAM = 4TB28J5RKC;
				ENABLE_PREVIEWS = YES;
				GENERATE_INFOPLIST_FILE = YES;
				INFOPLIST_KEY_UIApplicationSceneManifest_Generation = YES;
				INFOPLIST_KEY_UIApplicationSupportsIndirectInputEvents = YES;
				INFOPLIST_KEY_UILaunchScreen_Generation = YES;
				INFOPLIST_KEY_UISupportedInterfaceOrientations_iPad = "UIInterfaceOrientationPortrait UIInterfaceOrientationPortraitUpsideDown UIInterfaceOrientationLandscapeLeft UIInterfaceOrientationLandscapeRight";
				INFOPLIST_KEY_UISupportedInterfaceOrientations_iPhone = "UIInterfaceOrientationPortrait UIInterfaceOrientationLandscapeLeft UIInterfaceOrientationLandscapeRight";
				LD_RUNPATH_SEARCH_PATHS = (
					"$(inherited)",
					"@executable_path/Frameworks",
				);
				MARKETING_VERSION = 1.0;
				PRODUCT_BUNDLE_IDENTIFIER = com.smdc.Pixu;
				PRODUCT_NAME = "$(TARGET_NAME)";
				STRING_CATALOG_GENERATE_SYMBOLS = YES;
				SWIFT_APPROACHABLE_CONCURRENCY = NO;
				SWIFT_DEFAULT_ACTOR_ISOLATION = nonisolated;
				SWIFT_EMIT_LOC_STRINGS = YES;
				SWIFT_UPCOMING_FEATURE_MEMBER_IMPORT_VISIBILITY = YES;
				SWIFT_VERSION = 6.0;
				TARGETED_DEVICE_FAMILY = "1,2";
			};
			name = Release;
		};
/* End XCBuildConfiguration section */

/* Begin XCConfigurationList section */
		018417E72F02C6DB0064494B /* Build configuration list for PBXProject "Pixu" */ = {
			isa = XCConfigurationList;
			buildConfigurations = (
				018417F52F02C6DD0064494B /* Debug */,
				018417F62F02C6DD0064494B /* Release */,
			);
			defaultConfigurationIsVisible = 0;
			defaultConfigurationName = Release;
		};
		018417F72F02C6DD0064494B /* Build configuration list for PBXNativeTarget "Pixu" */ = {
			isa = XCConfigurationList;
			buildConfigurations = (
				018417F82F02C6DD0064494B /* Debug */,
				018417F92F02C6DD0064494B /* Release */,
			);
			defaultConfigurationIsVisible = 0;
			defaultConfigurationName = Release;
		};
/* End XCConfigurationList section */

/* Begin XCLocalSwiftPackageReference section */
		015A047B2F03FE20007AA3F7 /* XCLocalSwiftPackageReference "../../Proyectos/CommonsLib" */ = {
			isa = XCLocalSwiftPackageReference;
			relativePath = ../../Proyectos/CommonsLib;
		};
/* End XCLocalSwiftPackageReference section */

/* Begin XCSwiftPackageProductDependency section */
		015A047C2F03FE20007AA3F7 /* CommonsLib */ = {
			isa = XCSwiftPackageProductDependency;
			productName = CommonsLib;
		};
/* End XCSwiftPackageProductDependency section */
	};
	rootObject = 018417E42F02C6DB0064494B /* Project object */;
}
